// !$*UTF8*$!
{
	archiveVersion = 1;
	classes = {
	};
	objectVersion = 50;
	objects = {

/* Begin PBXBuildFile section */
		23289D2C2113C4EF00289231 /* DataTableViewController.swift in Sources */ = {isa = PBXBuildFile; fileRef = 23289D2B2113C4EF00289231 /* DataTableViewController.swift */; };
		23289D2E2113C55400289231 /* DataTableViewCell.swift in Sources */ = {isa = PBXBuildFile; fileRef = 23289D2D2113C55400289231 /* DataTableViewCell.swift */; };
		2392D200210FA13F00CD61AB /* WorkoutTableViewController.swift in Sources */ = {isa = PBXBuildFile; fileRef = 2392D1FF210FA13F00CD61AB /* WorkoutTableViewController.swift */; };
		2392D2022110044200CD61AB /* WorkoutTableViewCell.swift in Sources */ = {isa = PBXBuildFile; fileRef = 2392D2012110044200CD61AB /* WorkoutTableViewCell.swift */; };
		2392D20421101D7300CD61AB /* Workout.swift in Sources */ = {isa = PBXBuildFile; fileRef = 2392D20321101D7300CD61AB /* Workout.swift */; };
		23BA2E4120DDFC5900619070 /* MuscleTableViewCell.swift in Sources */ = {isa = PBXBuildFile; fileRef = 23BA2E4020DDFC5900619070 /* MuscleTableViewCell.swift */; };
		23BA2E4520DDFF6F00619070 /* Muscle.swift in Sources */ = {isa = PBXBuildFile; fileRef = 23BA2E4420DDFF6F00619070 /* Muscle.swift */; };
		23BA2E4920DE02FF00619070 /* MuscleTableViewController.swift in Sources */ = {isa = PBXBuildFile; fileRef = 23BA2E4820DE02FF00619070 /* MuscleTableViewController.swift */; };
		2528283D20B0982600101FC3 /* AppDelegate.swift in Sources */ = {isa = PBXBuildFile; fileRef = 2528283C20B0982600101FC3 /* AppDelegate.swift */; };
		2528283F20B0982700101FC3 /* ViewController.swift in Sources */ = {isa = PBXBuildFile; fileRef = 2528283E20B0982600101FC3 /* ViewController.swift */; };
		2528284220B0982700101FC3 /* Main.storyboard in Resources */ = {isa = PBXBuildFile; fileRef = 2528284020B0982700101FC3 /* Main.storyboard */; };
		2528284420B0982800101FC3 /* Assets.xcassets in Resources */ = {isa = PBXBuildFile; fileRef = 2528284320B0982800101FC3 /* Assets.xcassets */; };
		2528284720B0982800101FC3 /* LaunchScreen.storyboard in Resources */ = {isa = PBXBuildFile; fileRef = 2528284520B0982800101FC3 /* LaunchScreen.storyboard */; };
		2528284F20B09A0B00101FC3 /* WelcomePageViewController.swift in Sources */ = {isa = PBXBuildFile; fileRef = 2528284E20B09A0B00101FC3 /* WelcomePageViewController.swift */; };
		25FEDFB220B0E6450028B0BF /* SignUpViewController.swift in Sources */ = {isa = PBXBuildFile; fileRef = 25FEDFB120B0E6450028B0BF /* SignUpViewController.swift */; };
		25FEDFB420B0EF9F0028B0BF /* GoogleService-Info.plist in Resources */ = {isa = PBXBuildFile; fileRef = 25FEDFB320B0EF9F0028B0BF /* GoogleService-Info.plist */; };
		25FEDFC320B126A60028B0BF /* settingsIcon.png in Resources */ = {isa = PBXBuildFile; fileRef = 25FEDFC220B126A60028B0BF /* settingsIcon.png */; };
		25FEDFC720B1273C0028B0BF /* homeIcon.png in Resources */ = {isa = PBXBuildFile; fileRef = 25FEDFC620B1273C0028B0BF /* homeIcon.png */; };
		25FEDFC920B1279E0028B0BF /* foodIcon.png in Resources */ = {isa = PBXBuildFile; fileRef = 25FEDFC820B1279E0028B0BF /* foodIcon.png */; };
		25FEDFCB20B127CD0028B0BF /* dataIcon.png in Resources */ = {isa = PBXBuildFile; fileRef = 25FEDFCA20B127CD0028B0BF /* dataIcon.png */; };
		25FEDFCD20B128BB0028B0BF /* gymIcon.png in Resources */ = {isa = PBXBuildFile; fileRef = 25FEDFCC20B128BB0028B0BF /* gymIcon.png */; };
		25FEDFD120B12D7F0028B0BF /* SettingsViewController.swift in Sources */ = {isa = PBXBuildFile; fileRef = 25FEDFD020B12D7F0028B0BF /* SettingsViewController.swift */; };
		52C8953FF5938C17C2AF834F /* Pods_GymApp.framework in Frameworks */ = {isa = PBXBuildFile; fileRef = 2FEE227AC49F44F162F4149E /* Pods_GymApp.framework */; };
/* End PBXBuildFile section */

/* Begin PBXCopyFilesBuildPhase section */
		23254FDF2114D94A00D6C076 /* Embed Frameworks */ = {
			isa = PBXCopyFilesBuildPhase;
			buildActionMask = 2147483647;
			dstPath = "";
			dstSubfolderSpec = 10;
			files = (
			);
			name = "Embed Frameworks";
			runOnlyForDeploymentPostprocessing = 0;
		};
/* End PBXCopyFilesBuildPhase section */

/* Begin PBXFileReference section */
		23289D2B2113C4EF00289231 /* DataTableViewController.swift */ = {isa = PBXFileReference; lastKnownFileType = sourcecode.swift; path = DataTableViewController.swift; sourceTree = "<group>"; };
		23289D2D2113C55400289231 /* DataTableViewCell.swift */ = {isa = PBXFileReference; lastKnownFileType = sourcecode.swift; path = DataTableViewCell.swift; sourceTree = "<group>"; };
		232EE2E82114E2C2000E2B4A /* GymApp-Bridging-Header.h */ = {isa = PBXFileReference; lastKnownFileType = sourcecode.c.h; path = "GymApp-Bridging-Header.h"; sourceTree = "<group>"; };
		2392D1FF210FA13F00CD61AB /* WorkoutTableViewController.swift */ = {isa = PBXFileReference; lastKnownFileType = sourcecode.swift; name = WorkoutTableViewController.swift; path = MainScreens/WorkoutTableView/WorkoutTableViewController.swift; sourceTree = SOURCE_ROOT; };
		2392D2012110044200CD61AB /* WorkoutTableViewCell.swift */ = {isa = PBXFileReference; lastKnownFileType = sourcecode.swift; path = WorkoutTableViewCell.swift; sourceTree = "<group>"; };
		2392D20321101D7300CD61AB /* Workout.swift */ = {isa = PBXFileReference; lastKnownFileType = sourcecode.swift; path = Workout.swift; sourceTree = "<group>"; };
		23BA2E4020DDFC5900619070 /* MuscleTableViewCell.swift */ = {isa = PBXFileReference; lastKnownFileType = sourcecode.swift; path = MuscleTableViewCell.swift; sourceTree = "<group>"; };
		23BA2E4420DDFF6F00619070 /* Muscle.swift */ = {isa = PBXFileReference; lastKnownFileType = sourcecode.swift; path = Muscle.swift; sourceTree = "<group>"; };
		23BA2E4820DE02FF00619070 /* MuscleTableViewController.swift */ = {isa = PBXFileReference; lastKnownFileType = sourcecode.swift; path = MuscleTableViewController.swift; sourceTree = "<group>"; };
		2528283920B0982600101FC3 /* GymApp.app */ = {isa = PBXFileReference; explicitFileType = wrapper.application; includeInIndex = 0; path = GymApp.app; sourceTree = BUILT_PRODUCTS_DIR; };
		2528283C20B0982600101FC3 /* AppDelegate.swift */ = {isa = PBXFileReference; lastKnownFileType = sourcecode.swift; path = AppDelegate.swift; sourceTree = "<group>"; };
		2528283E20B0982600101FC3 /* ViewController.swift */ = {isa = PBXFileReference; lastKnownFileType = sourcecode.swift; path = ViewController.swift; sourceTree = "<group>"; };
		2528284120B0982700101FC3 /* Base */ = {isa = PBXFileReference; lastKnownFileType = file.storyboard; name = Base; path = Base.lproj/Main.storyboard; sourceTree = "<group>"; };
		2528284320B0982800101FC3 /* Assets.xcassets */ = {isa = PBXFileReference; lastKnownFileType = folder.assetcatalog; path = Assets.xcassets; sourceTree = "<group>"; };
		2528284620B0982800101FC3 /* Base */ = {isa = PBXFileReference; lastKnownFileType = file.storyboard; name = Base; path = Base.lproj/LaunchScreen.storyboard; sourceTree = "<group>"; };
		2528284820B0982800101FC3 /* Info.plist */ = {isa = PBXFileReference; lastKnownFileType = text.plist.xml; path = Info.plist; sourceTree = "<group>"; };
		2528284E20B09A0B00101FC3 /* WelcomePageViewController.swift */ = {isa = PBXFileReference; lastKnownFileType = sourcecode.swift; path = WelcomePageViewController.swift; sourceTree = "<group>"; };
		25FEDFB120B0E6450028B0BF /* SignUpViewController.swift */ = {isa = PBXFileReference; lastKnownFileType = sourcecode.swift; path = SignUpViewController.swift; sourceTree = "<group>"; };
		25FEDFB320B0EF9F0028B0BF /* GoogleService-Info.plist */ = {isa = PBXFileReference; fileEncoding = 4; lastKnownFileType = text.plist.xml; path = "GoogleService-Info.plist"; sourceTree = "<group>"; };
		25FEDFC220B126A60028B0BF /* settingsIcon.png */ = {isa = PBXFileReference; lastKnownFileType = image.png; path = settingsIcon.png; sourceTree = "<group>"; };
		25FEDFC620B1273C0028B0BF /* homeIcon.png */ = {isa = PBXFileReference; lastKnownFileType = image.png; path = homeIcon.png; sourceTree = "<group>"; };
		25FEDFC820B1279E0028B0BF /* foodIcon.png */ = {isa = PBXFileReference; lastKnownFileType = image.png; path = foodIcon.png; sourceTree = "<group>"; };
		25FEDFCA20B127CD0028B0BF /* dataIcon.png */ = {isa = PBXFileReference; lastKnownFileType = image.png; path = dataIcon.png; sourceTree = "<group>"; };
		25FEDFCC20B128BB0028B0BF /* gymIcon.png */ = {isa = PBXFileReference; lastKnownFileType = image.png; path = gymIcon.png; sourceTree = "<group>"; };
		25FEDFD020B12D7F0028B0BF /* SettingsViewController.swift */ = {isa = PBXFileReference; lastKnownFileType = sourcecode.swift; path = SettingsViewController.swift; sourceTree = "<group>"; };
		2FEE227AC49F44F162F4149E /* Pods_GymApp.framework */ = {isa = PBXFileReference; explicitFileType = wrapper.framework; includeInIndex = 0; path = Pods_GymApp.framework; sourceTree = BUILT_PRODUCTS_DIR; };
		6E0A11F98B10F1B62016482B /* Pods-GymApp.release.xcconfig */ = {isa = PBXFileReference; includeInIndex = 1; lastKnownFileType = text.xcconfig; name = "Pods-GymApp.release.xcconfig"; path = "Pods/Target Support Files/Pods-GymApp/Pods-GymApp.release.xcconfig"; sourceTree = "<group>"; };
		A4665AC318BDB4EB123EF813 /* Pods-GymApp.debug.xcconfig */ = {isa = PBXFileReference; includeInIndex = 1; lastKnownFileType = text.xcconfig; name = "Pods-GymApp.debug.xcconfig"; path = "Pods/Target Support Files/Pods-GymApp/Pods-GymApp.debug.xcconfig"; sourceTree = "<group>"; };
/* End PBXFileReference section */

/* Begin PBXFrameworksBuildPhase section */
		2528283620B0982600101FC3 /* Frameworks */ = {
			isa = PBXFrameworksBuildPhase;
			buildActionMask = 2147483647;
			files = (
				52C8953FF5938C17C2AF834F /* Pods_GymApp.framework in Frameworks */,
			);
			runOnlyForDeploymentPostprocessing = 0;
		};
/* End PBXFrameworksBuildPhase section */

/* Begin PBXGroup section */
		226FCC25D07A0498A2BA74FA /* Frameworks */ = {
			isa = PBXGroup;
			children = (
				2FEE227AC49F44F162F4149E /* Pods_GymApp.framework */,
			);
			name = Frameworks;
			sourceTree = "<group>";
		};
		231F0AFC2110C0D200739537 /* MuscleTableView */ = {
			isa = PBXGroup;
			children = (
				23BA2E4020DDFC5900619070 /* MuscleTableViewCell.swift */,
				23BA2E4420DDFF6F00619070 /* Muscle.swift */,
				23BA2E4820DE02FF00619070 /* MuscleTableViewController.swift */,
			);
			path = MuscleTableView;
			sourceTree = "<group>";
		};
		23289D2A2113C4B900289231 /* DataTableView */ = {
			isa = PBXGroup;
			children = (
				23289D2B2113C4EF00289231 /* DataTableViewController.swift */,
				23289D2D2113C55400289231 /* DataTableViewCell.swift */,
			);
			path = DataTableView;
			sourceTree = "<group>";
		};
		23BA2E4A20DEA3C400619070 /* WorkoutTableView */ = {
			isa = PBXGroup;
			children = (
				2392D1FF210FA13F00CD61AB /* WorkoutTableViewController.swift */,
				2392D2012110044200CD61AB /* WorkoutTableViewCell.swift */,
				2392D20321101D7300CD61AB /* Workout.swift */,
			);
			path = WorkoutTableView;
			sourceTree = "<group>";
		};
		2528283020B0982600101FC3 = {
			isa = PBXGroup;
			children = (
				25FEDFCF20B12AF80028B0BF /* MainScreens */,
				25FEDFCE20B12A270028B0BF /* LoginScreens */,
				25FEDFB920B1224E0028B0BF /* Images */,
				2528283B20B0982600101FC3 /* GymApp */,
				2528283A20B0982600101FC3 /* Products */,
				B7006AAB3646FF185FCBCC67 /* Pods */,
				226FCC25D07A0498A2BA74FA /* Frameworks */,
				232EE2E82114E2C2000E2B4A /* GymApp-Bridging-Header.h */,
			);
			sourceTree = "<group>";
		};
		2528283A20B0982600101FC3 /* Products */ = {
			isa = PBXGroup;
			children = (
				2528283920B0982600101FC3 /* GymApp.app */,
			);
			name = Products;
			sourceTree = "<group>";
		};
		2528283B20B0982600101FC3 /* GymApp */ = {
			isa = PBXGroup;
			children = (
				25FEDFB320B0EF9F0028B0BF /* GoogleService-Info.plist */,
				2528283C20B0982600101FC3 /* AppDelegate.swift */,
				2528284020B0982700101FC3 /* Main.storyboard */,
				2528284320B0982800101FC3 /* Assets.xcassets */,
				2528284520B0982800101FC3 /* LaunchScreen.storyboard */,
				2528284820B0982800101FC3 /* Info.plist */,
			);
			path = GymApp;
			sourceTree = "<group>";
		};
		25FEDFB920B1224E0028B0BF /* Images */ = {
			isa = PBXGroup;
			children = (
				25FEDFC620B1273C0028B0BF /* homeIcon.png */,
				25FEDFC820B1279E0028B0BF /* foodIcon.png */,
				25FEDFCC20B128BB0028B0BF /* gymIcon.png */,
				25FEDFCA20B127CD0028B0BF /* dataIcon.png */,
				25FEDFC220B126A60028B0BF /* settingsIcon.png */,
			);
			path = Images;
			sourceTree = "<group>";
		};
		25FEDFCE20B12A270028B0BF /* LoginScreens */ = {
			isa = PBXGroup;
			children = (
				2528283E20B0982600101FC3 /* ViewController.swift */,
				25FEDFB120B0E6450028B0BF /* SignUpViewController.swift */,
			);
			path = LoginScreens;
			sourceTree = "<group>";
		};
		25FEDFCF20B12AF80028B0BF /* MainScreens */ = {
			isa = PBXGroup;
			children = (
				23289D2A2113C4B900289231 /* DataTableView */,
				231F0AFC2110C0D200739537 /* MuscleTableView */,
				23BA2E4A20DEA3C400619070 /* WorkoutTableView */,
				2528284E20B09A0B00101FC3 /* WelcomePageViewController.swift */,
				25FEDFD020B12D7F0028B0BF /* SettingsViewController.swift */,
			);
			path = MainScreens;
			sourceTree = "<group>";
		};
		B7006AAB3646FF185FCBCC67 /* Pods */ = {
			isa = PBXGroup;
			children = (
				A4665AC318BDB4EB123EF813 /* Pods-GymApp.debug.xcconfig */,
				6E0A11F98B10F1B62016482B /* Pods-GymApp.release.xcconfig */,
			);
			name = Pods;
			sourceTree = "<group>";
		};
/* End PBXGroup section */

/* Begin PBXNativeTarget section */
		2528283820B0982600101FC3 /* GymApp */ = {
			isa = PBXNativeTarget;
			buildConfigurationList = 2528284B20B0982800101FC3 /* Build configuration list for PBXNativeTarget "GymApp" */;
			buildPhases = (
				C090FD993CE94F06F882FF46 /* [CP] Check Pods Manifest.lock */,
				2528283520B0982600101FC3 /* Sources */,
				2528283620B0982600101FC3 /* Frameworks */,
				2528283720B0982600101FC3 /* Resources */,
				C6CFB6E553335865378B6489 /* [CP] Embed Pods Frameworks */,
				23254FDF2114D94A00D6C076 /* Embed Frameworks */,
			);
			buildRules = (
			);
			dependencies = (
			);
			name = GymApp;
			productName = GymApp;
			productReference = 2528283920B0982600101FC3 /* GymApp.app */;
			productType = "com.apple.product-type.application";
		};
/* End PBXNativeTarget section */

/* Begin PBXProject section */
		2528283120B0982600101FC3 /* Project object */ = {
			isa = PBXProject;
			attributes = {
				LastSwiftUpdateCheck = 0930;
				LastUpgradeCheck = 0930;
				ORGANIZATIONNAME = "Daniel Jabbour";
				TargetAttributes = {
					2528283820B0982600101FC3 = {
						CreatedOnToolsVersion = 9.3;
						LastSwiftMigration = 0940;
					};
				};
			};
			buildConfigurationList = 2528283420B0982600101FC3 /* Build configuration list for PBXProject "GymApp" */;
			compatibilityVersion = "Xcode 9.3";
			developmentRegion = en;
			hasScannedForEncodings = 0;
			knownRegions = (
				en,
				Base,
			);
			mainGroup = 2528283020B0982600101FC3;
			productRefGroup = 2528283A20B0982600101FC3 /* Products */;
			projectDirPath = "";
			projectRoot = "";
			targets = (
				2528283820B0982600101FC3 /* GymApp */,
			);
		};
/* End PBXProject section */

/* Begin PBXResourcesBuildPhase section */
		2528283720B0982600101FC3 /* Resources */ = {
			isa = PBXResourcesBuildPhase;
			buildActionMask = 2147483647;
			files = (
				2528284720B0982800101FC3 /* LaunchScreen.storyboard in Resources */,
				25FEDFC320B126A60028B0BF /* settingsIcon.png in Resources */,
				25FEDFCB20B127CD0028B0BF /* dataIcon.png in Resources */,
				25FEDFC920B1279E0028B0BF /* foodIcon.png in Resources */,
				25FEDFB420B0EF9F0028B0BF /* GoogleService-Info.plist in Resources */,
				2528284420B0982800101FC3 /* Assets.xcassets in Resources */,
				25FEDFCD20B128BB0028B0BF /* gymIcon.png in Resources */,
				2528284220B0982700101FC3 /* Main.storyboard in Resources */,
				25FEDFC720B1273C0028B0BF /* homeIcon.png in Resources */,
			);
			runOnlyForDeploymentPostprocessing = 0;
		};
/* End PBXResourcesBuildPhase section */

/* Begin PBXShellScriptBuildPhase section */
		C090FD993CE94F06F882FF46 /* [CP] Check Pods Manifest.lock */ = {
			isa = PBXShellScriptBuildPhase;
			buildActionMask = 2147483647;
			files = (
			);
			inputPaths = (
				"${PODS_PODFILE_DIR_PATH}/Podfile.lock",
				"${PODS_ROOT}/Manifest.lock",
			);
			name = "[CP] Check Pods Manifest.lock";
			outputPaths = (
				"$(DERIVED_FILE_DIR)/Pods-GymApp-checkManifestLockResult.txt",
			);
			runOnlyForDeploymentPostprocessing = 0;
			shellPath = /bin/sh;
			shellScript = "diff \"${PODS_PODFILE_DIR_PATH}/Podfile.lock\" \"${PODS_ROOT}/Manifest.lock\" > /dev/null\nif [ $? != 0 ] ; then\n    # print error to STDERR\n    echo \"error: The sandbox is not in sync with the Podfile.lock. Run 'pod install' or update your CocoaPods installation.\" >&2\n    exit 1\nfi\n# This output is used by Xcode 'outputs' to avoid re-running this script phase.\necho \"SUCCESS\" > \"${SCRIPT_OUTPUT_FILE_0}\"\n";
			showEnvVarsInLog = 0;
		};
		C6CFB6E553335865378B6489 /* [CP] Embed Pods Frameworks */ = {
			isa = PBXShellScriptBuildPhase;
			buildActionMask = 2147483647;
			files = (
			);
			inputPaths = (
				"${SRCROOT}/Pods/Target Support Files/Pods-GymApp/Pods-GymApp-frameworks.sh",
				"${BUILT_PRODUCTS_DIR}/Charts/Charts.framework",
				"${BUILT_PRODUCTS_DIR}/GTMSessionFetcher/GTMSessionFetcher.framework",
				"${BUILT_PRODUCTS_DIR}/GoogleUtilities/GoogleUtilities.framework",
				"${BUILT_PRODUCTS_DIR}/SwiftChart/SwiftChart.framework",
				"${BUILT_PRODUCTS_DIR}/leveldb-library/leveldb.framework",
				"${BUILT_PRODUCTS_DIR}/nanopb/nanopb.framework",
			);
			name = "[CP] Embed Pods Frameworks";
			outputPaths = (
				"${TARGET_BUILD_DIR}/${FRAMEWORKS_FOLDER_PATH}/Charts.framework",
				"${TARGET_BUILD_DIR}/${FRAMEWORKS_FOLDER_PATH}/GTMSessionFetcher.framework",
				"${TARGET_BUILD_DIR}/${FRAMEWORKS_FOLDER_PATH}/GoogleUtilities.framework",
				"${TARGET_BUILD_DIR}/${FRAMEWORKS_FOLDER_PATH}/SwiftChart.framework",
				"${TARGET_BUILD_DIR}/${FRAMEWORKS_FOLDER_PATH}/leveldb.framework",
				"${TARGET_BUILD_DIR}/${FRAMEWORKS_FOLDER_PATH}/nanopb.framework",
			);
			runOnlyForDeploymentPostprocessing = 0;
			shellPath = /bin/sh;
			shellScript = "\"${SRCROOT}/Pods/Target Support Files/Pods-GymApp/Pods-GymApp-frameworks.sh\"\n";
			showEnvVarsInLog = 0;
		};
/* End PBXShellScriptBuildPhase section */

/* Begin PBXSourcesBuildPhase section */
		2528283520B0982600101FC3 /* Sources */ = {
			isa = PBXSourcesBuildPhase;
			buildActionMask = 2147483647;
			files = (
				23BA2E4120DDFC5900619070 /* MuscleTableViewCell.swift in Sources */,
				23289D2C2113C4EF00289231 /* DataTableViewController.swift in Sources */,
				2528283F20B0982700101FC3 /* ViewController.swift in Sources */,
				2392D200210FA13F00CD61AB /* WorkoutTableViewController.swift in Sources */,
				2392D2022110044200CD61AB /* WorkoutTableViewCell.swift in Sources */,
				23BA2E4920DE02FF00619070 /* MuscleTableViewController.swift in Sources */,
				2528284F20B09A0B00101FC3 /* WelcomePageViewController.swift in Sources */,
				2392D20421101D7300CD61AB /* Workout.swift in Sources */,
				25FEDFB220B0E6450028B0BF /* SignUpViewController.swift in Sources */,
				23BA2E4520DDFF6F00619070 /* Muscle.swift in Sources */,
				25FEDFD120B12D7F0028B0BF /* SettingsViewController.swift in Sources */,
				2528283D20B0982600101FC3 /* AppDelegate.swift in Sources */,
				23289D2E2113C55400289231 /* DataTableViewCell.swift in Sources */,
			);
			runOnlyForDeploymentPostprocessing = 0;
		};
/* End PBXSourcesBuildPhase section */

/* Begin PBXVariantGroup section */
		2528284020B0982700101FC3 /* Main.storyboard */ = {
			isa = PBXVariantGroup;
			children = (
				2528284120B0982700101FC3 /* Base */,
			);
			name = Main.storyboard;
			sourceTree = "<group>";
		};
		2528284520B0982800101FC3 /* LaunchScreen.storyboard */ = {
			isa = PBXVariantGroup;
			children = (
				2528284620B0982800101FC3 /* Base */,
			);
			name = LaunchScreen.storyboard;
			sourceTree = "<group>";
		};
/* End PBXVariantGroup section */

/* Begin XCBuildConfiguration section */
		2528284920B0982800101FC3 /* Debug */ = {
			isa = XCBuildConfiguration;
			buildSettings = {
				ALWAYS_SEARCH_USER_PATHS = NO;
				CLANG_ANALYZER_NONNULL = YES;
				CLANG_ANALYZER_NUMBER_OBJECT_CONVERSION = YES_AGGRESSIVE;
				CLANG_CXX_LANGUAGE_STANDARD = "gnu++14";
				CLANG_CXX_LIBRARY = "libc++";
				CLANG_ENABLE_MODULES = YES;
				CLANG_ENABLE_OBJC_ARC = YES;
				CLANG_ENABLE_OBJC_WEAK = YES;
				CLANG_WARN_BLOCK_CAPTURE_AUTORELEASING = YES;
				CLANG_WARN_BOOL_CONVERSION = YES;
				CLANG_WARN_COMMA = YES;
				CLANG_WARN_CONSTANT_CONVERSION = YES;
				CLANG_WARN_DEPRECATED_OBJC_IMPLEMENTATIONS = YES;
				CLANG_WARN_DIRECT_OBJC_ISA_USAGE = YES_ERROR;
				CLANG_WARN_DOCUMENTATION_COMMENTS = YES;
				CLANG_WARN_EMPTY_BODY = YES;
				CLANG_WARN_ENUM_CONVERSION = YES;
				CLANG_WARN_INFINITE_RECURSION = YES;
				CLANG_WARN_INT_CONVERSION = YES;
				CLANG_WARN_NON_LITERAL_NULL_CONVERSION = YES;
				CLANG_WARN_OBJC_IMPLICIT_RETAIN_SELF = YES;
				CLANG_WARN_OBJC_LITERAL_CONVERSION = YES;
				CLANG_WARN_OBJC_ROOT_CLASS = YES_ERROR;
				CLANG_WARN_RANGE_LOOP_ANALYSIS = YES;
				CLANG_WARN_STRICT_PROTOTYPES = YES;
				CLANG_WARN_SUSPICIOUS_MOVE = YES;
				CLANG_WARN_UNGUARDED_AVAILABILITY = YES_AGGRESSIVE;
				CLANG_WARN_UNREACHABLE_CODE = YES;
				CLANG_WARN__DUPLICATE_METHOD_MATCH = YES;
				CODE_SIGN_IDENTITY = "iPhone Developer";
				COPY_PHASE_STRIP = NO;
				DEBUG_INFORMATION_FORMAT = dwarf;
				ENABLE_STRICT_OBJC_MSGSEND = YES;
				ENABLE_TESTABILITY = YES;
				GCC_C_LANGUAGE_STANDARD = gnu11;
				GCC_DYNAMIC_NO_PIC = NO;
				GCC_NO_COMMON_BLOCKS = YES;
				GCC_OPTIMIZATION_LEVEL = 0;
				GCC_PREPROCESSOR_DEFINITIONS = (
					"DEBUG=1",
					"$(inherited)",
				);
				GCC_WARN_64_TO_32_BIT_CONVERSION = YES;
				GCC_WARN_ABOUT_RETURN_TYPE = YES_ERROR;
				GCC_WARN_UNDECLARED_SELECTOR = YES;
				GCC_WARN_UNINITIALIZED_AUTOS = YES_AGGRESSIVE;
				GCC_WARN_UNUSED_FUNCTION = YES;
				GCC_WARN_UNUSED_VARIABLE = YES;
				IPHONEOS_DEPLOYMENT_TARGET = 11.3;
				MTL_ENABLE_DEBUG_INFO = YES;
				ONLY_ACTIVE_ARCH = YES;
				SDKROOT = iphoneos;
				SWIFT_ACTIVE_COMPILATION_CONDITIONS = DEBUG;
				SWIFT_OPTIMIZATION_LEVEL = "-Onone";
			};
			name = Debug;
		};
		2528284A20B0982800101FC3 /* Release */ = {
			isa = XCBuildConfiguration;
			buildSettings = {
				ALWAYS_SEARCH_USER_PATHS = NO;
				CLANG_ANALYZER_NONNULL = YES;
				CLANG_ANALYZER_NUMBER_OBJECT_CONVERSION = YES_AGGRESSIVE;
				CLANG_CXX_LANGUAGE_STANDARD = "gnu++14";
				CLANG_CXX_LIBRARY = "libc++";
				CLANG_ENABLE_MODULES = YES;
				CLANG_ENABLE_OBJC_ARC = YES;
				CLANG_ENABLE_OBJC_WEAK = YES;
				CLANG_WARN_BLOCK_CAPTURE_AUTORELEASING = YES;
				CLANG_WARN_BOOL_CONVERSION = YES;
				CLANG_WARN_COMMA = YES;
				CLANG_WARN_CONSTANT_CONVERSION = YES;
				CLANG_WARN_DEPRECATED_OBJC_IMPLEMENTATIONS = YES;
				CLANG_WARN_DIRECT_OBJC_ISA_USAGE = YES_ERROR;
				CLANG_WARN_DOCUMENTATION_COMMENTS = YES;
				CLANG_WARN_EMPTY_BODY = YES;
				CLANG_WARN_ENUM_CONVERSION = YES;
				CLANG_WARN_INFINITE_RECURSION = YES;
				CLANG_WARN_INT_CONVERSION = YES;
				CLANG_WARN_NON_LITERAL_NULL_CONVERSION = YES;
				CLANG_WARN_OBJC_IMPLICIT_RETAIN_SELF = YES;
				CLANG_WARN_OBJC_LITERAL_CONVERSION = YES;
				CLANG_WARN_OBJC_ROOT_CLASS = YES_ERROR;
				CLANG_WARN_RANGE_LOOP_ANALYSIS = YES;
				CLANG_WARN_STRICT_PROTOTYPES = YES;
				CLANG_WARN_SUSPICIOUS_MOVE = YES;
				CLANG_WARN_UNGUARDED_AVAILABILITY = YES_AGGRESSIVE;
				CLANG_WARN_UNREACHABLE_CODE = YES;
				CLANG_WARN__DUPLICATE_METHOD_MATCH = YES;
				CODE_SIGN_IDENTITY = "iPhone Developer";
				COPY_PHASE_STRIP = NO;
				DEBUG_INFORMATION_FORMAT = "dwarf-with-dsym";
				ENABLE_NS_ASSERTIONS = NO;
				ENABLE_STRICT_OBJC_MSGSEND = YES;
				GCC_C_LANGUAGE_STANDARD = gnu11;
				GCC_NO_COMMON_BLOCKS = YES;
				GCC_WARN_64_TO_32_BIT_CONVERSION = YES;
				GCC_WARN_ABOUT_RETURN_TYPE = YES_ERROR;
				GCC_WARN_UNDECLARED_SELECTOR = YES;
				GCC_WARN_UNINITIALIZED_AUTOS = YES_AGGRESSIVE;
				GCC_WARN_UNUSED_FUNCTION = YES;
				GCC_WARN_UNUSED_VARIABLE = YES;
				IPHONEOS_DEPLOYMENT_TARGET = 11.3;
				MTL_ENABLE_DEBUG_INFO = NO;
				SDKROOT = iphoneos;
				SWIFT_COMPILATION_MODE = wholemodule;
				SWIFT_OPTIMIZATION_LEVEL = "-O";
				VALIDATE_PRODUCT = YES;
			};
			name = Release;
		};
		2528284C20B0982800101FC3 /* Debug */ = {
			isa = XCBuildConfiguration;
			baseConfigurationReference = A4665AC318BDB4EB123EF813 /* Pods-GymApp.debug.xcconfig */;
			buildSettings = {
				ALWAYS_EMBED_SWIFT_STANDARD_LIBRARIES = YES;
				ASSETCATALOG_COMPILER_APPICON_NAME = AppIcon;
				CLANG_ENABLE_MODULES = YES;
				CODE_SIGN_STYLE = Automatic;
				INFOPLIST_FILE = GymApp/Info.plist;
				LD_RUNPATH_SEARCH_PATHS = (
					"$(inherited)",
					"@executable_path/Frameworks",
				);
				PRODUCT_BUNDLE_IDENTIFIER = DanielJabbour.GymApp;
				PRODUCT_NAME = "$(TARGET_NAME)";
				SWIFT_OBJC_BRIDGING_HEADER = "GymApp-Bridging-Header.h";
				SWIFT_OPTIMIZATION_LEVEL = "-Onone";
				SWIFT_VERSION = 4.0;
				TARGETED_DEVICE_FAMILY = "1,2";
			};
			name = Debug;
		};
		2528284D20B0982800101FC3 /* Release */ = {
			isa = XCBuildConfiguration;
			baseConfigurationReference = 6E0A11F98B10F1B62016482B /* Pods-GymApp.release.xcconfig */;
			buildSettings = {
				ALWAYS_EMBED_SWIFT_STANDARD_LIBRARIES = YES;
				ASSETCATALOG_COMPILER_APPICON_NAME = AppIcon;
				CLANG_ENABLE_MODULES = YES;
				CODE_SIGN_STYLE = Automatic;
				INFOPLIST_FILE = GymApp/Info.plist;
				LD_RUNPATH_SEARCH_PATHS = (
					"$(inherited)",
					"@executable_path/Frameworks",
				);
				PRODUCT_BUNDLE_IDENTIFIER = DanielJabbour.GymApp;
				PRODUCT_NAME = "$(TARGET_NAME)";
				SWIFT_OBJC_BRIDGING_HEADER = "GymApp-Bridging-Header.h";
				SWIFT_VERSION = 4.0;
				TARGETED_DEVICE_FAMILY = "1,2";
			};
			name = Release;
		};
/* End XCBuildConfiguration section */

/* Begin XCConfigurationList section */
		2528283420B0982600101FC3 /* Build configuration list for PBXProject "GymApp" */ = {
			isa = XCConfigurationList;
			buildConfigurations = (
				2528284920B0982800101FC3 /* Debug */,
				2528284A20B0982800101FC3 /* Release */,
			);
			defaultConfigurationIsVisible = 0;
			defaultConfigurationName = Release;
		};
		2528284B20B0982800101FC3 /* Build configuration list for PBXNativeTarget "GymApp" */ = {
			isa = XCConfigurationList;
			buildConfigurations = (
				2528284C20B0982800101FC3 /* Debug */,
				2528284D20B0982800101FC3 /* Release */,
			);
			defaultConfigurationIsVisible = 0;
			defaultConfigurationName = Release;
		};
/* End XCConfigurationList section */
	};
	rootObject = 2528283120B0982600101FC3 /* Project object */;
}
